
Microsoft Visual Studio Solution File, Format Version 12.00
# Visual Studio 14
VisualStudioVersion = 14.0.25420.1
MinimumVisualStudioVersion = 10.0.40219.1
Project("{FAE04EC0-301F-11D3-BF4B-00C04F79EFBC}") = "logic4fun", "logic4fun\logic4fun\logic4fun.csproj", "{54A5588E-4391-4932-A91A-1262EC7DD9B0}"
EndProject
Project("{FAE04EC0-301F-11D3-BF4B-00C04F79EFBC}") = "logic4fun.Droid", "logic4fun\logic4fun.Droid\logic4fun.Droid.csproj", "{EFB69391-9B68-4E46-A230-F6BAD4943B0A}"
EndProject
Project("{FAE04EC0-301F-11D3-BF4B-00C04F79EFBC}") = "logic4fun.iOS", "logic4fun\logic4fun.iOS\logic4fun.iOS.csproj", "{34F616C6-638B-4231-8719-1D3453597874}"
EndProject
Project("{FAE04EC0-301F-11D3-BF4B-00C04F79EFBC}") = "logic4fun.WinPhone", "logic4fun\logic4fun.WinPhone\logic4fun.WinPhone.csproj", "{126E43AE-1CB3-4ED2-803B-B59A64A55F62}"
EndProject
Project("{FAE04EC0-301F-11D3-BF4B-00C04F79EFBC}") = "logic4fun.UWP", "logic4fun\logic4fun.UWP\logic4fun.UWP.csproj", "{8B3236B4-18B2-4DCE-AC66-FC938EF11816}"
EndProject
Project("{FAE04EC0-301F-11D3-BF4B-00C04F79EFBC}") = "logic4fun.Windows", "logic4fun\logic4fun.Windows\logic4fun.Windows.csproj", "{388C1D73-D8D1-49DD-BF86-EDF472460258}"
EndProject
Global
	GlobalSection(SolutionConfigurationPlatforms) = preSolution
		Ad-Hoc|Any CPU = Ad-Hoc|Any CPU
		Ad-Hoc|ARM = Ad-Hoc|ARM
		Ad-Hoc|iPhone = Ad-Hoc|iPhone
		Ad-Hoc|iPhoneSimulator = Ad-Hoc|iPhoneSimulator
		Ad-Hoc|x64 = Ad-Hoc|x64
		Ad-Hoc|x86 = Ad-Hoc|x86
		AppStore|Any CPU = AppStore|Any CPU
		AppStore|ARM = AppStore|ARM
		AppStore|iPhone = AppStore|iPhone
		AppStore|iPhoneSimulator = AppStore|iPhoneSimulator
		AppStore|x64 = AppStore|x64
		AppStore|x86 = AppStore|x86
		Debug|Any CPU = Debug|Any CPU
		Debug|ARM = Debug|ARM
		Debug|iPhone = Debug|iPhone
		Debug|iPhoneSimulator = Debug|iPhoneSimulator
		Debug|x64 = Debug|x64
		Debug|x86 = Debug|x86
		Release|Any CPU = Release|Any CPU
		Release|ARM = Release|ARM
		Release|iPhone = Release|iPhone
		Release|iPhoneSimulator = Release|iPhoneSimulator
		Release|x64 = Release|x64
		Release|x86 = Release|x86
	EndGlobalSection
	GlobalSection(ProjectConfigurationPlatforms) = postSolution
		{54A5588E-4391-4932-A91A-1262EC7DD9B0}.Ad-Hoc|Any CPU.ActiveCfg = Release|Any CPU
		{54A5588E-4391-4932-A91A-1262EC7DD9B0}.Ad-Hoc|Any CPU.Build.0 = Release|Any CPU
		{54A5588E-4391-4932-A91A-1262EC7DD9B0}.Ad-Hoc|ARM.ActiveCfg = Release|Any CPU
		{54A5588E-4391-4932-A91A-1262EC7DD9B0}.Ad-Hoc|ARM.Build.0 = Release|Any CPU
		{54A5588E-4391-4932-A91A-1262EC7DD9B0}.Ad-Hoc|iPhone.ActiveCfg = Release|Any CPU
		{54A5588E-4391-4932-A91A-1262EC7DD9B0}.Ad-Hoc|iPhone.Build.0 = Release|Any CPU
		{54A5588E-4391-4932-A91A-1262EC7DD9B0}.Ad-Hoc|iPhoneSimulator.ActiveCfg = Release|Any CPU
		{54A5588E-4391-4932-A91A-1262EC7DD9B0}.Ad-Hoc|iPhoneSimulator.Build.0 = Release|Any CPU
		{54A5588E-4391-4932-A91A-1262EC7DD9B0}.Ad-Hoc|x64.ActiveCfg = Release|Any CPU
		{54A5588E-4391-4932-A91A-1262EC7DD9B0}.Ad-Hoc|x64.Build.0 = Release|Any CPU
		{54A5588E-4391-4932-A91A-1262EC7DD9B0}.Ad-Hoc|x86.ActiveCfg = Release|Any CPU
		{54A5588E-4391-4932-A91A-1262EC7DD9B0}.Ad-Hoc|x86.Build.0 = Release|Any CPU
		{54A5588E-4391-4932-A91A-1262EC7DD9B0}.AppStore|Any CPU.ActiveCfg = Release|Any CPU
		{54A5588E-4391-4932-A91A-1262EC7DD9B0}.AppStore|Any CPU.Build.0 = Release|Any CPU
		{54A5588E-4391-4932-A91A-1262EC7DD9B0}.AppStore|ARM.ActiveCfg = Release|Any CPU
		{54A5588E-4391-4932-A91A-1262EC7DD9B0}.AppStore|ARM.Build.0 = Release|Any CPU
		{54A5588E-4391-4932-A91A-1262EC7DD9B0}.AppStore|iPhone.ActiveCfg = Release|Any CPU
		{54A5588E-4391-4932-A91A-1262EC7DD9B0}.AppStore|iPhone.Build.0 = Release|Any CPU
		{54A5588E-4391-4932-A91A-1262EC7DD9B0}.AppStore|iPhoneSimulator.ActiveCfg = Release|Any CPU
		{54A5588E-4391-4932-A91A-1262EC7DD9B0}.AppStore|iPhoneSimulator.Build.0 = Release|Any CPU
		{54A5588E-4391-4932-A91A-1262EC7DD9B0}.AppStore|x64.ActiveCfg = Release|Any CPU
		{54A5588E-4391-4932-A91A-1262EC7DD9B0}.AppStore|x64.Build.0 = Release|Any CPU
		{54A5588E-4391-4932-A91A-1262EC7DD9B0}.AppStore|x86.ActiveCfg = Release|Any CPU
		{54A5588E-4391-4932-A91A-1262EC7DD9B0}.AppStore|x86.Build.0 = Release|Any CPU
		{54A5588E-4391-4932-A91A-1262EC7DD9B0}.Debug|Any CPU.ActiveCfg = Debug|Any CPU
		{54A5588E-4391-4932-A91A-1262EC7DD9B0}.Debug|Any CPU.Build.0 = Debug|Any CPU
		{54A5588E-4391-4932-A91A-1262EC7DD9B0}.Debug|ARM.ActiveCfg = Debug|Any CPU
		{54A5588E-4391-4932-A91A-1262EC7DD9B0}.Debug|ARM.Build.0 = Debug|Any CPU
		{54A5588E-4391-4932-A91A-1262EC7DD9B0}.Debug|iPhone.ActiveCfg = Debug|Any CPU
		{54A5588E-4391-4932-A91A-1262EC7DD9B0}.Debug|iPhone.Build.0 = Debug|Any CPU
		{54A5588E-4391-4932-A91A-1262EC7DD9B0}.Debug|iPhoneSimulator.ActiveCfg = Debug|Any CPU
		{54A5588E-4391-4932-A91A-1262EC7DD9B0}.Debug|iPhoneSimulator.Build.0 = Debug|Any CPU
		{54A5588E-4391-4932-A91A-1262EC7DD9B0}.Debug|x64.ActiveCfg = Debug|Any CPU
		{54A5588E-4391-4932-A91A-1262EC7DD9B0}.Debug|x64.Build.0 = Debug|Any CPU
		{54A5588E-4391-4932-A91A-1262EC7DD9B0}.Debug|x86.ActiveCfg = Debug|Any CPU
		{54A5588E-4391-4932-A91A-1262EC7DD9B0}.Debug|x86.Build.0 = Debug|Any CPU
		{54A5588E-4391-4932-A91A-1262EC7DD9B0}.Release|Any CPU.ActiveCfg = Release|Any CPU
		{54A5588E-4391-4932-A91A-1262EC7DD9B0}.Release|Any CPU.Build.0 = Release|Any CPU
		{54A5588E-4391-4932-A91A-1262EC7DD9B0}.Release|ARM.ActiveCfg = Release|Any CPU
		{54A5588E-4391-4932-A91A-1262EC7DD9B0}.Release|ARM.Build.0 = Release|Any CPU
		{54A5588E-4391-4932-A91A-1262EC7DD9B0}.Release|iPhone.ActiveCfg = Release|Any CPU
		{54A5588E-4391-4932-A91A-1262EC7DD9B0}.Release|iPhone.Build.0 = Release|Any CPU
		{54A5588E-4391-4932-A91A-1262EC7DD9B0}.Release|iPhoneSimulator.ActiveCfg = Release|Any CPU
		{54A5588E-4391-4932-A91A-1262EC7DD9B0}.Release|iPhoneSimulator.Build.0 = Release|Any CPU
		{54A5588E-4391-4932-A91A-1262EC7DD9B0}.Release|x64.ActiveCfg = Release|Any CPU
		{54A5588E-4391-4932-A91A-1262EC7DD9B0}.Release|x64.Build.0 = Release|Any CPU
		{54A5588E-4391-4932-A91A-1262EC7DD9B0}.Release|x86.ActiveCfg = Release|Any CPU
		{54A5588E-4391-4932-A91A-1262EC7DD9B0}.Release|x86.Build.0 = Release|Any CPU
		{EFB69391-9B68-4E46-A230-F6BAD4943B0A}.Ad-Hoc|Any CPU.ActiveCfg = Release|Any CPU
		{EFB69391-9B68-4E46-A230-F6BAD4943B0A}.Ad-Hoc|Any CPU.Build.0 = Release|Any CPU
		{EFB69391-9B68-4E46-A230-F6BAD4943B0A}.Ad-Hoc|Any CPU.Deploy.0 = Release|Any CPU
		{EFB69391-9B68-4E46-A230-F6BAD4943B0A}.Ad-Hoc|ARM.ActiveCfg = Release|Any CPU
		{EFB69391-9B68-4E46-A230-F6BAD4943B0A}.Ad-Hoc|ARM.Build.0 = Release|Any CPU
		{EFB69391-9B68-4E46-A230-F6BAD4943B0A}.Ad-Hoc|ARM.Deploy.0 = Release|Any CPU
		{EFB69391-9B68-4E46-A230-F6BAD4943B0A}.Ad-Hoc|iPhone.ActiveCfg = Release|Any CPU
		{EFB69391-9B68-4E46-A230-F6BAD4943B0A}.Ad-Hoc|iPhone.Build.0 = Release|Any CPU
		{EFB69391-9B68-4E46-A230-F6BAD4943B0A}.Ad-Hoc|iPhone.Deploy.0 = Release|Any CPU
		{EFB69391-9B68-4E46-A230-F6BAD4943B0A}.Ad-Hoc|iPhoneSimulator.ActiveCfg = Release|Any CPU
		{EFB69391-9B68-4E46-A230-F6BAD4943B0A}.Ad-Hoc|iPhoneSimulator.Build.0 = Release|Any CPU
		{EFB69391-9B68-4E46-A230-F6BAD4943B0A}.Ad-Hoc|iPhoneSimulator.Deploy.0 = Release|Any CPU
		{EFB69391-9B68-4E46-A230-F6BAD4943B0A}.Ad-Hoc|x64.ActiveCfg = Release|Any CPU
		{EFB69391-9B68-4E46-A230-F6BAD4943B0A}.Ad-Hoc|x64.Build.0 = Release|Any CPU
		{EFB69391-9B68-4E46-A230-F6BAD4943B0A}.Ad-Hoc|x64.Deploy.0 = Release|Any CPU
		{EFB69391-9B68-4E46-A230-F6BAD4943B0A}.Ad-Hoc|x86.ActiveCfg = Release|Any CPU
		{EFB69391-9B68-4E46-A230-F6BAD4943B0A}.Ad-Hoc|x86.Build.0 = Release|Any CPU
		{EFB69391-9B68-4E46-A230-F6BAD4943B0A}.Ad-Hoc|x86.Deploy.0 = Release|Any CPU
		{EFB69391-9B68-4E46-A230-F6BAD4943B0A}.AppStore|Any CPU.ActiveCfg = Release|Any CPU
		{EFB69391-9B68-4E46-A230-F6BAD4943B0A}.AppStore|Any CPU.Build.0 = Release|Any CPU
		{EFB69391-9B68-4E46-A230-F6BAD4943B0A}.AppStore|Any CPU.Deploy.0 = Release|Any CPU
		{EFB69391-9B68-4E46-A230-F6BAD4943B0A}.AppStore|ARM.ActiveCfg = Release|Any CPU
		{EFB69391-9B68-4E46-A230-F6BAD4943B0A}.AppStore|ARM.Build.0 = Release|Any CPU
		{EFB69391-9B68-4E46-A230-F6BAD4943B0A}.AppStore|ARM.Deploy.0 = Release|Any CPU
		{EFB69391-9B68-4E46-A230-F6BAD4943B0A}.AppStore|iPhone.ActiveCfg = Release|Any CPU
		{EFB69391-9B68-4E46-A230-F6BAD4943B0A}.AppStore|iPhone.Build.0 = Release|Any CPU
		{EFB69391-9B68-4E46-A230-F6BAD4943B0A}.AppStore|iPhone.Deploy.0 = Release|Any CPU
		{EFB69391-9B68-4E46-A230-F6BAD4943B0A}.AppStore|iPhoneSimulator.ActiveCfg = Release|Any CPU
		{EFB69391-9B68-4E46-A230-F6BAD4943B0A}.AppStore|iPhoneSimulator.Build.0 = Release|Any CPU
		{EFB69391-9B68-4E46-A230-F6BAD4943B0A}.AppStore|iPhoneSimulator.Deploy.0 = Release|Any CPU
		{EFB69391-9B68-4E46-A230-F6BAD4943B0A}.AppStore|x64.ActiveCfg = Release|Any CPU
		{EFB69391-9B68-4E46-A230-F6BAD4943B0A}.AppStore|x64.Build.0 = Release|Any CPU
		{EFB69391-9B68-4E46-A230-F6BAD4943B0A}.AppStore|x64.Deploy.0 = Release|Any CPU
		{EFB69391-9B68-4E46-A230-F6BAD4943B0A}.AppStore|x86.ActiveCfg = Release|Any CPU
		{EFB69391-9B68-4E46-A230-F6BAD4943B0A}.AppStore|x86.Build.0 = Release|Any CPU
		{EFB69391-9B68-4E46-A230-F6BAD4943B0A}.AppStore|x86.Deploy.0 = Release|Any CPU
		{EFB69391-9B68-4E46-A230-F6BAD4943B0A}.Debug|Any CPU.ActiveCfg = Debug|Any CPU
		{EFB69391-9B68-4E46-A230-F6BAD4943B0A}.Debug|Any CPU.Build.0 = Debug|Any CPU
		{EFB69391-9B68-4E46-A230-F6BAD4943B0A}.Debug|Any CPU.Deploy.0 = Debug|Any CPU
		{EFB69391-9B68-4E46-A230-F6BAD4943B0A}.Debug|ARM.ActiveCfg = Debug|Any CPU
		{EFB69391-9B68-4E46-A230-F6BAD4943B0A}.Debug|ARM.Build.0 = Debug|Any CPU
		{EFB69391-9B68-4E46-A230-F6BAD4943B0A}.Debug|ARM.Deploy.0 = Debug|Any CPU
		{EFB69391-9B68-4E46-A230-F6BAD4943B0A}.Debug|iPhone.ActiveCfg = Debug|Any CPU
		{EFB69391-9B68-4E46-A230-F6BAD4943B0A}.Debug|iPhone.Build.0 = Debug|Any CPU
		{EFB69391-9B68-4E46-A230-F6BAD4943B0A}.Debug|iPhone.Deploy.0 = Debug|Any CPU
		{EFB69391-9B68-4E46-A230-F6BAD4943B0A}.Debug|iPhoneSimulator.ActiveCfg = Debug|Any CPU
		{EFB69391-9B68-4E46-A230-F6BAD4943B0A}.Debug|iPhoneSimulator.Build.0 = Debug|Any CPU
		{EFB69391-9B68-4E46-A230-F6BAD4943B0A}.Debug|iPhoneSimulator.Deploy.0 = Debug|Any CPU
		{EFB69391-9B68-4E46-A230-F6BAD4943B0A}.Debug|x64.ActiveCfg = Debug|Any CPU
		{EFB69391-9B68-4E46-A230-F6BAD4943B0A}.Debug|x64.Build.0 = Debug|Any CPU
		{EFB69391-9B68-4E46-A230-F6BAD4943B0A}.Debug|x64.Deploy.0 = Debug|Any CPU
		{EFB69391-9B68-4E46-A230-F6BAD4943B0A}.Debug|x86.ActiveCfg = Debug|Any CPU
		{EFB69391-9B68-4E46-A230-F6BAD4943B0A}.Debug|x86.Build.0 = Debug|Any CPU
		{EFB69391-9B68-4E46-A230-F6BAD4943B0A}.Debug|x86.Deploy.0 = Debug|Any CPU
		{EFB69391-9B68-4E46-A230-F6BAD4943B0A}.Release|Any CPU.ActiveCfg = Release|Any CPU
		{EFB69391-9B68-4E46-A230-F6BAD4943B0A}.Release|Any CPU.Build.0 = Release|Any CPU
		{EFB69391-9B68-4E46-A230-F6BAD4943B0A}.Release|Any CPU.Deploy.0 = Release|Any CPU
		{EFB69391-9B68-4E46-A230-F6BAD4943B0A}.Release|ARM.ActiveCfg = Release|Any CPU
		{EFB69391-9B68-4E46-A230-F6BAD4943B0A}.Release|ARM.Build.0 = Release|Any CPU
		{EFB69391-9B68-4E46-A230-F6BAD4943B0A}.Release|ARM.Deploy.0 = Release|Any CPU
		{EFB69391-9B68-4E46-A230-F6BAD4943B0A}.Release|iPhone.ActiveCfg = Release|Any CPU
		{EFB69391-9B68-4E46-A230-F6BAD4943B0A}.Release|iPhone.Build.0 = Release|Any CPU
		{EFB69391-9B68-4E46-A230-F6BAD4943B0A}.Release|iPhone.Deploy.0 = Release|Any CPU
		{EFB69391-9B68-4E46-A230-F6BAD4943B0A}.Release|iPhoneSimulator.ActiveCfg = Release|Any CPU
		{EFB69391-9B68-4E46-A230-F6BAD4943B0A}.Release|iPhoneSimulator.Build.0 = Release|Any CPU
		{EFB69391-9B68-4E46-A230-F6BAD4943B0A}.Release|iPhoneSimulator.Deploy.0 = Release|Any CPU
		{EFB69391-9B68-4E46-A230-F6BAD4943B0A}.Release|x64.ActiveCfg = Release|Any CPU
		{EFB69391-9B68-4E46-A230-F6BAD4943B0A}.Release|x64.Build.0 = Release|Any CPU
		{EFB69391-9B68-4E46-A230-F6BAD4943B0A}.Release|x64.Deploy.0 = Release|Any CPU
		{EFB69391-9B68-4E46-A230-F6BAD4943B0A}.Release|x86.ActiveCfg = Release|Any CPU
		{EFB69391-9B68-4E46-A230-F6BAD4943B0A}.Release|x86.Build.0 = Release|Any CPU
		{EFB69391-9B68-4E46-A230-F6BAD4943B0A}.Release|x86.Deploy.0 = Release|Any CPU
		{34F616C6-638B-4231-8719-1D3453597874}.Ad-Hoc|Any CPU.ActiveCfg = Ad-Hoc|iPhone
		{34F616C6-638B-4231-8719-1D3453597874}.Ad-Hoc|ARM.ActiveCfg = Ad-Hoc|iPhone
		{34F616C6-638B-4231-8719-1D3453597874}.Ad-Hoc|iPhone.ActiveCfg = Ad-Hoc|iPhone
		{34F616C6-638B-4231-8719-1D3453597874}.Ad-Hoc|iPhone.Build.0 = Ad-Hoc|iPhone
		{34F616C6-638B-4231-8719-1D3453597874}.Ad-Hoc|iPhoneSimulator.ActiveCfg = Ad-Hoc|iPhoneSimulator
		{34F616C6-638B-4231-8719-1D3453597874}.Ad-Hoc|iPhoneSimulator.Build.0 = Ad-Hoc|iPhoneSimulator
		{34F616C6-638B-4231-8719-1D3453597874}.Ad-Hoc|x64.ActiveCfg = Ad-Hoc|iPhone
		{34F616C6-638B-4231-8719-1D3453597874}.Ad-Hoc|x86.ActiveCfg = Ad-Hoc|iPhone
		{34F616C6-638B-4231-8719-1D3453597874}.AppStore|Any CPU.ActiveCfg = AppStore|iPhone
		{34F616C6-638B-4231-8719-1D3453597874}.AppStore|ARM.ActiveCfg = AppStore|iPhone
		{34F616C6-638B-4231-8719-1D3453597874}.AppStore|iPhone.ActiveCfg = AppStore|iPhone
		{34F616C6-638B-4231-8719-1D3453597874}.AppStore|iPhone.Build.0 = AppStore|iPhone
		{34F616C6-638B-4231-8719-1D3453597874}.AppStore|iPhoneSimulator.ActiveCfg = AppStore|iPhoneSimulator
		{34F616C6-638B-4231-8719-1D3453597874}.AppStore|iPhoneSimulator.Build.0 = AppStore|iPhoneSimulator
		{34F616C6-638B-4231-8719-1D3453597874}.AppStore|x64.ActiveCfg = AppStore|iPhone
		{34F616C6-638B-4231-8719-1D3453597874}.AppStore|x86.ActiveCfg = AppStore|iPhone
		{34F616C6-638B-4231-8719-1D3453597874}.Debug|Any CPU.ActiveCfg = Debug|iPhone
		{34F616C6-638B-4231-8719-1D3453597874}.Debug|ARM.ActiveCfg = Debug|iPhone
		{34F616C6-638B-4231-8719-1D3453597874}.Debug|iPhone.ActiveCfg = Debug|iPhone
		{34F616C6-638B-4231-8719-1D3453597874}.Debug|iPhone.Build.0 = Debug|iPhone
		{34F616C6-638B-4231-8719-1D3453597874}.Debug|iPhoneSimulator.ActiveCfg = Debug|iPhoneSimulator
		{34F616C6-638B-4231-8719-1D3453597874}.Debug|iPhoneSimulator.Build.0 = Debug|iPhoneSimulator
		{34F616C6-638B-4231-8719-1D3453597874}.Debug|x64.ActiveCfg = Debug|iPhone
		{34F616C6-638B-4231-8719-1D3453597874}.Debug|x86.ActiveCfg = Debug|iPhone
		{34F616C6-638B-4231-8719-1D3453597874}.Release|Any CPU.ActiveCfg = Release|iPhone
		{34F616C6-638B-4231-8719-1D3453597874}.Release|ARM.ActiveCfg = Release|iPhone
		{34F616C6-638B-4231-8719-1D3453597874}.Release|iPhone.ActiveCfg = Release|iPhone
		{34F616C6-638B-4231-8719-1D3453597874}.Release|iPhone.Build.0 = Release|iPhone
		{34F616C6-638B-4231-8719-1D3453597874}.Release|iPhoneSimulator.ActiveCfg = Release|iPhoneSimulator
		{34F616C6-638B-4231-8719-1D3453597874}.Release|iPhoneSimulator.Build.0 = Release|iPhoneSimulator
		{34F616C6-638B-4231-8719-1D3453597874}.Release|x64.ActiveCfg = Release|iPhone
		{34F616C6-638B-4231-8719-1D3453597874}.Release|x86.ActiveCfg = Release|iPhone
		{126E43AE-1CB3-4ED2-803B-B59A64A55F62}.Ad-Hoc|Any CPU.ActiveCfg = Release|Any CPU
		{126E43AE-1CB3-4ED2-803B-B59A64A55F62}.Ad-Hoc|Any CPU.Build.0 = Release|Any CPU
		{126E43AE-1CB3-4ED2-803B-B59A64A55F62}.Ad-Hoc|Any CPU.Deploy.0 = Release|Any CPU
		{126E43AE-1CB3-4ED2-803B-B59A64A55F62}.Ad-Hoc|ARM.ActiveCfg = Release|ARM
		{126E43AE-1CB3-4ED2-803B-B59A64A55F62}.Ad-Hoc|ARM.Build.0 = Release|ARM
		{126E43AE-1CB3-4ED2-803B-B59A64A55F62}.Ad-Hoc|ARM.Deploy.0 = Release|ARM
		{126E43AE-1CB3-4ED2-803B-B59A64A55F62}.Ad-Hoc|iPhone.ActiveCfg = Release|Any CPU
		{126E43AE-1CB3-4ED2-803B-B59A64A55F62}.Ad-Hoc|iPhone.Build.0 = Release|Any CPU
		{126E43AE-1CB3-4ED2-803B-B59A64A55F62}.Ad-Hoc|iPhone.Deploy.0 = Release|Any CPU
		{126E43AE-1CB3-4ED2-803B-B59A64A55F62}.Ad-Hoc|iPhoneSimulator.ActiveCfg = Release|Any CPU
		{126E43AE-1CB3-4ED2-803B-B59A64A55F62}.Ad-Hoc|iPhoneSimulator.Build.0 = Release|Any CPU
		{126E43AE-1CB3-4ED2-803B-B59A64A55F62}.Ad-Hoc|iPhoneSimulator.Deploy.0 = Release|Any CPU
		{126E43AE-1CB3-4ED2-803B-B59A64A55F62}.Ad-Hoc|x64.ActiveCfg = Release|Any CPU
		{126E43AE-1CB3-4ED2-803B-B59A64A55F62}.Ad-Hoc|x64.Build.0 = Release|Any CPU
		{126E43AE-1CB3-4ED2-803B-B59A64A55F62}.Ad-Hoc|x64.Deploy.0 = Release|Any CPU
		{126E43AE-1CB3-4ED2-803B-B59A64A55F62}.Ad-Hoc|x86.ActiveCfg = Release|x86
		{126E43AE-1CB3-4ED2-803B-B59A64A55F62}.Ad-Hoc|x86.Build.0 = Release|x86
		{126E43AE-1CB3-4ED2-803B-B59A64A55F62}.Ad-Hoc|x86.Deploy.0 = Release|x86
		{126E43AE-1CB3-4ED2-803B-B59A64A55F62}.AppStore|Any CPU.ActiveCfg = Release|Any CPU
		{126E43AE-1CB3-4ED2-803B-B59A64A55F62}.AppStore|Any CPU.Build.0 = Release|Any CPU
		{126E43AE-1CB3-4ED2-803B-B59A64A55F62}.AppStore|Any CPU.Deploy.0 = Release|Any CPU
		{126E43AE-1CB3-4ED2-803B-B59A64A55F62}.AppStore|ARM.ActiveCfg = Release|ARM
		{126E43AE-1CB3-4ED2-803B-B59A64A55F62}.AppStore|ARM.Build.0 = Release|ARM
		{126E43AE-1CB3-4ED2-803B-B59A64A55F62}.AppStore|ARM.Deploy.0 = Release|ARM
		{126E43AE-1CB3-4ED2-803B-B59A64A55F62}.AppStore|iPhone.ActiveCfg = Release|Any CPU
		{126E43AE-1CB3-4ED2-803B-B59A64A55F62}.AppStore|iPhone.Build.0 = Release|Any CPU
		{126E43AE-1CB3-4ED2-803B-B59A64A55F62}.AppStore|iPhone.Deploy.0 = Release|Any CPU
		{126E43AE-1CB3-4ED2-803B-B59A64A55F62}.AppStore|iPhoneSimulator.ActiveCfg = Release|Any CPU
		{126E43AE-1CB3-4ED2-803B-B59A64A55F62}.AppStore|iPhoneSimulator.Build.0 = Release|Any CPU
		{126E43AE-1CB3-4ED2-803B-B59A64A55F62}.AppStore|iPhoneSimulator.Deploy.0 = Release|Any CPU
		{126E43AE-1CB3-4ED2-803B-B59A64A55F62}.AppStore|x64.ActiveCfg = Release|Any CPU
		{126E43AE-1CB3-4ED2-803B-B59A64A55F62}.AppStore|x64.Build.0 = Release|Any CPU
		{126E43AE-1CB3-4ED2-803B-B59A64A55F62}.AppStore|x64.Deploy.0 = Release|Any CPU
		{126E43AE-1CB3-4ED2-803B-B59A64A55F62}.AppStore|x86.ActiveCfg = Release|x86
		{126E43AE-1CB3-4ED2-803B-B59A64A55F62}.AppStore|x86.Build.0 = Release|x86
		{126E43AE-1CB3-4ED2-803B-B59A64A55F62}.AppStore|x86.Deploy.0 = Release|x86
		{126E43AE-1CB3-4ED2-803B-B59A64A55F62}.Debug|Any CPU.ActiveCfg = Debug|Any CPU
		{126E43AE-1CB3-4ED2-803B-B59A64A55F62}.Debug|Any CPU.Build.0 = Debug|Any CPU
		{126E43AE-1CB3-4ED2-803B-B59A64A55F62}.Debug|Any CPU.Deploy.0 = Debug|Any CPU
		{126E43AE-1CB3-4ED2-803B-B59A64A55F62}.Debug|ARM.ActiveCfg = Debug|ARM
		{126E43AE-1CB3-4ED2-803B-B59A64A55F62}.Debug|ARM.Build.0 = Debug|ARM
		{126E43AE-1CB3-4ED2-803B-B59A64A55F62}.Debug|ARM.Deploy.0 = Debug|ARM
		{126E43AE-1CB3-4ED2-803B-B59A64A55F62}.Debug|iPhone.ActiveCfg = Debug|Any CPU
		{126E43AE-1CB3-4ED2-803B-B59A64A55F62}.Debug|iPhone.Build.0 = Debug|Any CPU
		{126E43AE-1CB3-4ED2-803B-B59A64A55F62}.Debug|iPhone.Deploy.0 = Debug|Any CPU
		{126E43AE-1CB3-4ED2-803B-B59A64A55F62}.Debug|iPhoneSimulator.ActiveCfg = Debug|Any CPU
		{126E43AE-1CB3-4ED2-803B-B59A64A55F62}.Debug|iPhoneSimulator.Build.0 = Debug|Any CPU
		{126E43AE-1CB3-4ED2-803B-B59A64A55F62}.Debug|iPhoneSimulator.Deploy.0 = Debug|Any CPU
		{126E43AE-1CB3-4ED2-803B-B59A64A55F62}.Debug|x64.ActiveCfg = Debug|Any CPU
		{126E43AE-1CB3-4ED2-803B-B59A64A55F62}.Debug|x64.Build.0 = Debug|Any CPU
		{126E43AE-1CB3-4ED2-803B-B59A64A55F62}.Debug|x64.Deploy.0 = Debug|Any CPU
		{126E43AE-1CB3-4ED2-803B-B59A64A55F62}.Debug|x86.ActiveCfg = Debug|x86
		{126E43AE-1CB3-4ED2-803B-B59A64A55F62}.Debug|x86.Build.0 = Debug|x86
		{126E43AE-1CB3-4ED2-803B-B59A64A55F62}.Debug|x86.Deploy.0 = Debug|x86
		{126E43AE-1CB3-4ED2-803B-B59A64A55F62}.Release|Any CPU.ActiveCfg = Release|Any CPU
		{126E43AE-1CB3-4ED2-803B-B59A64A55F62}.Release|Any CPU.Build.0 = Release|Any CPU
		{126E43AE-1CB3-4ED2-803B-B59A64A55F62}.Release|Any CPU.Deploy.0 = Release|Any CPU
		{126E43AE-1CB3-4ED2-803B-B59A64A55F62}.Release|ARM.ActiveCfg = Release|ARM
		{126E43AE-1CB3-4ED2-803B-B59A64A55F62}.Release|ARM.Build.0 = Release|ARM
		{126E43AE-1CB3-4ED2-803B-B59A64A55F62}.Release|ARM.Deploy.0 = Release|ARM
		{126E43AE-1CB3-4ED2-803B-B59A64A55F62}.Release|iPhone.ActiveCfg = Release|Any CPU
		{126E43AE-1CB3-4ED2-803B-B59A64A55F62}.Release|iPhone.Build.0 = Release|Any CPU
		{126E43AE-1CB3-4ED2-803B-B59A64A55F62}.Release|iPhone.Deploy.0 = Release|Any CPU
		{126E43AE-1CB3-4ED2-803B-B59A64A55F62}.Release|iPhoneSimulator.ActiveCfg = Release|Any CPU
		{126E43AE-1CB3-4ED2-803B-B59A64A55F62}.Release|iPhoneSimulator.Build.0 = Release|Any CPU
		{126E43AE-1CB3-4ED2-803B-B59A64A55F62}.Release|iPhoneSimulator.Deploy.0 = Release|Any CPU
		{126E43AE-1CB3-4ED2-803B-B59A64A55F62}.Release|x64.ActiveCfg = Release|Any CPU
		{126E43AE-1CB3-4ED2-803B-B59A64A55F62}.Release|x64.Build.0 = Release|Any CPU
		{126E43AE-1CB3-4ED2-803B-B59A64A55F62}.Release|x64.Deploy.0 = Release|Any CPU
		{126E43AE-1CB3-4ED2-803B-B59A64A55F62}.Release|x86.ActiveCfg = Release|x86
		{126E43AE-1CB3-4ED2-803B-B59A64A55F62}.Release|x86.Build.0 = Release|x86
		{126E43AE-1CB3-4ED2-803B-B59A64A55F62}.Release|x86.Deploy.0 = Release|x86
		{8B3236B4-18B2-4DCE-AC66-FC938EF11816}.Ad-Hoc|Any CPU.ActiveCfg = Release|x86
		{8B3236B4-18B2-4DCE-AC66-FC938EF11816}.Ad-Hoc|Any CPU.Build.0 = Release|x86
		{8B3236B4-18B2-4DCE-AC66-FC938EF11816}.Ad-Hoc|Any CPU.Deploy.0 = Release|x86
		{8B3236B4-18B2-4DCE-AC66-FC938EF11816}.Ad-Hoc|ARM.ActiveCfg = Release|ARM
		{8B3236B4-18B2-4DCE-AC66-FC938EF11816}.Ad-Hoc|ARM.Build.0 = Release|ARM
		{8B3236B4-18B2-4DCE-AC66-FC938EF11816}.Ad-Hoc|ARM.Deploy.0 = Release|ARM
		{8B3236B4-18B2-4DCE-AC66-FC938EF11816}.Ad-Hoc|iPhone.ActiveCfg = Release|x86
		{8B3236B4-18B2-4DCE-AC66-FC938EF11816}.Ad-Hoc|iPhone.Build.0 = Release|x86
		{8B3236B4-18B2-4DCE-AC66-FC938EF11816}.Ad-Hoc|iPhone.Deploy.0 = Release|x86
		{8B3236B4-18B2-4DCE-AC66-FC938EF11816}.Ad-Hoc|iPhoneSimulator.ActiveCfg = Release|x86
		{8B3236B4-18B2-4DCE-AC66-FC938EF11816}.Ad-Hoc|iPhoneSimulator.Build.0 = Release|x86
		{8B3236B4-18B2-4DCE-AC66-FC938EF11816}.Ad-Hoc|iPhoneSimulator.Deploy.0 = Release|x86
		{8B3236B4-18B2-4DCE-AC66-FC938EF11816}.Ad-Hoc|x64.ActiveCfg = Release|x64
		{8B3236B4-18B2-4DCE-AC66-FC938EF11816}.Ad-Hoc|x64.Build.0 = Release|x64
		{8B3236B4-18B2-4DCE-AC66-FC938EF11816}.Ad-Hoc|x64.Deploy.0 = Release|x64
		{8B3236B4-18B2-4DCE-AC66-FC938EF11816}.Ad-Hoc|x86.ActiveCfg = Release|x86
		{8B3236B4-18B2-4DCE-AC66-FC938EF11816}.Ad-Hoc|x86.Build.0 = Release|x86
		{8B3236B4-18B2-4DCE-AC66-FC938EF11816}.Ad-Hoc|x86.Deploy.0 = Release|x86
		{8B3236B4-18B2-4DCE-AC66-FC938EF11816}.AppStore|Any CPU.ActiveCfg = Release|x86
		{8B3236B4-18B2-4DCE-AC66-FC938EF11816}.AppStore|Any CPU.Build.0 = Release|x86
		{8B3236B4-18B2-4DCE-AC66-FC938EF11816}.AppStore|Any CPU.Deploy.0 = Release|x86
		{8B3236B4-18B2-4DCE-AC66-FC938EF11816}.AppStore|ARM.ActiveCfg = Release|ARM
		{8B3236B4-18B2-4DCE-AC66-FC938EF11816}.AppStore|ARM.Build.0 = Release|ARM
		{8B3236B4-18B2-4DCE-AC66-FC938EF11816}.AppStore|ARM.Deploy.0 = Release|ARM
		{8B3236B4-18B2-4DCE-AC66-FC938EF11816}.AppStore|iPhone.ActiveCfg = Release|x86
		{8B3236B4-18B2-4DCE-AC66-FC938EF11816}.AppStore|iPhone.Build.0 = Release|x86
		{8B3236B4-18B2-4DCE-AC66-FC938EF11816}.AppStore|iPhone.Deploy.0 = Release|x86
		{8B3236B4-18B2-4DCE-AC66-FC938EF11816}.AppStore|iPhoneSimulator.ActiveCfg = Release|x86
		{8B3236B4-18B2-4DCE-AC66-FC938EF11816}.AppStore|iPhoneSimulator.Build.0 = Release|x86
		{8B3236B4-18B2-4DCE-AC66-FC938EF11816}.AppStore|iPhoneSimulator.Deploy.0 = Release|x86
		{8B3236B4-18B2-4DCE-AC66-FC938EF11816}.AppStore|x64.ActiveCfg = Release|x64
		{8B3236B4-18B2-4DCE-AC66-FC938EF11816}.AppStore|x64.Build.0 = Release|x64
		{8B3236B4-18B2-4DCE-AC66-FC938EF11816}.AppStore|x64.Deploy.0 = Release|x64
		{8B3236B4-18B2-4DCE-AC66-FC938EF11816}.AppStore|x86.ActiveCfg = Release|x86
		{8B3236B4-18B2-4DCE-AC66-FC938EF11816}.AppStore|x86.Build.0 = Release|x86
		{8B3236B4-18B2-4DCE-AC66-FC938EF11816}.AppStore|x86.Deploy.0 = Release|x86
		{8B3236B4-18B2-4DCE-AC66-FC938EF11816}.Debug|Any CPU.ActiveCfg = Debug|x86
		{8B3236B4-18B2-4DCE-AC66-FC938EF11816}.Debug|ARM.ActiveCfg = Debug|ARM
		{8B3236B4-18B2-4DCE-AC66-FC938EF11816}.Debug|ARM.Build.0 = Debug|ARM
		{8B3236B4-18B2-4DCE-AC66-FC938EF11816}.Debug|ARM.Deploy.0 = Debug|ARM
		{8B3236B4-18B2-4DCE-AC66-FC938EF11816}.Debug|iPhone.ActiveCfg = Debug|x86
		{8B3236B4-18B2-4DCE-AC66-FC938EF11816}.Debug|iPhoneSimulator.ActiveCfg = Debug|x86
		{8B3236B4-18B2-4DCE-AC66-FC938EF11816}.Debug|x64.ActiveCfg = Debug|x64
		{8B3236B4-18B2-4DCE-AC66-FC938EF11816}.Debug|x64.Build.0 = Debug|x64
		{8B3236B4-18B2-4DCE-AC66-FC938EF11816}.Debug|x64.Deploy.0 = Debug|x64
		{8B3236B4-18B2-4DCE-AC66-FC938EF11816}.Debug|x86.ActiveCfg = Debug|x86
		{8B3236B4-18B2-4DCE-AC66-FC938EF11816}.Debug|x86.Build.0 = Debug|x86
		{8B3236B4-18B2-4DCE-AC66-FC938EF11816}.Debug|x86.Deploy.0 = Debug|x86
		{8B3236B4-18B2-4DCE-AC66-FC938EF11816}.Release|Any CPU.ActiveCfg = Release|x86
		{8B3236B4-18B2-4DCE-AC66-FC938EF11816}.Release|ARM.ActiveCfg = Release|ARM
		{8B3236B4-18B2-4DCE-AC66-FC938EF11816}.Release|ARM.Build.0 = Release|ARM
		{8B3236B4-18B2-4DCE-AC66-FC938EF11816}.Release|ARM.Deploy.0 = Release|ARM
		{8B3236B4-18B2-4DCE-AC66-FC938EF11816}.Release|iPhone.ActiveCfg = Release|x86
		{8B3236B4-18B2-4DCE-AC66-FC938EF11816}.Release|iPhoneSimulator.ActiveCfg = Release|x86
		{8B3236B4-18B2-4DCE-AC66-FC938EF11816}.Release|x64.ActiveCfg = Release|x64
		{8B3236B4-18B2-4DCE-AC66-FC938EF11816}.Release|x64.Build.0 = Release|x64
		{8B3236B4-18B2-4DCE-AC66-FC938EF11816}.Release|x64.Deploy.0 = Release|x64
		{8B3236B4-18B2-4DCE-AC66-FC938EF11816}.Release|x86.ActiveCfg = Release|x86
		{8B3236B4-18B2-4DCE-AC66-FC938EF11816}.Release|x86.Build.0 = Release|x86
		{8B3236B4-18B2-4DCE-AC66-FC938EF11816}.Release|x86.Deploy.0 = Release|x86
		{388C1D73-D8D1-49DD-BF86-EDF472460258}.Ad-Hoc|Any CPU.ActiveCfg = Release|Any CPU
		{388C1D73-D8D1-49DD-BF86-EDF472460258}.Ad-Hoc|Any CPU.Build.0 = Release|Any CPU
		{388C1D73-D8D1-49DD-BF86-EDF472460258}.Ad-Hoc|Any CPU.Deploy.0 = Release|Any CPU
		{388C1D73-D8D1-49DD-BF86-EDF472460258}.Ad-Hoc|ARM.ActiveCfg = Release|ARM
		{388C1D73-D8D1-49DD-BF86-EDF472460258}.Ad-Hoc|ARM.Build.0 = Release|ARM
		{388C1D73-D8D1-49DD-BF86-EDF472460258}.Ad-Hoc|ARM.Deploy.0 = Release|ARM
		{388C1D73-D8D1-49DD-BF86-EDF472460258}.Ad-Hoc|iPhone.ActiveCfg = Release|Any CPU
		{388C1D73-D8D1-49DD-BF86-EDF472460258}.Ad-Hoc|iPhone.Build.0 = Release|Any CPU
		{388C1D73-D8D1-49DD-BF86-EDF472460258}.Ad-Hoc|iPhone.Deploy.0 = Release|Any CPU
		{388C1D73-D8D1-49DD-BF86-EDF472460258}.Ad-Hoc|iPhoneSimulator.ActiveCfg = Release|Any CPU
		{388C1D73-D8D1-49DD-BF86-EDF472460258}.Ad-Hoc|iPhoneSimulator.Build.0 = Release|Any CPU
		{388C1D73-D8D1-49DD-BF86-EDF472460258}.Ad-Hoc|iPhoneSimulator.Deploy.0 = Release|Any CPU
		{388C1D73-D8D1-49DD-BF86-EDF472460258}.Ad-Hoc|x64.ActiveCfg = Release|x64
		{388C1D73-D8D1-49DD-BF86-EDF472460258}.Ad-Hoc|x64.Build.0 = Release|x64
		{388C1D73-D8D1-49DD-BF86-EDF472460258}.Ad-Hoc|x64.Deploy.0 = Release|x64
		{388C1D73-D8D1-49DD-BF86-EDF472460258}.Ad-Hoc|x86.ActiveCfg = Release|x86
		{388C1D73-D8D1-49DD-BF86-EDF472460258}.Ad-Hoc|x86.Build.0 = Release|x86
		{388C1D73-D8D1-49DD-BF86-EDF472460258}.Ad-Hoc|x86.Deploy.0 = Release|x86
		{388C1D73-D8D1-49DD-BF86-EDF472460258}.AppStore|Any CPU.ActiveCfg = Release|Any CPU
		{388C1D73-D8D1-49DD-BF86-EDF472460258}.AppStore|Any CPU.Build.0 = Release|Any CPU
		{388C1D73-D8D1-49DD-BF86-EDF472460258}.AppStore|Any CPU.Deploy.0 = Release|Any CPU
		{388C1D73-D8D1-49DD-BF86-EDF472460258}.AppStore|ARM.ActiveCfg = Release|ARM
		{388C1D73-D8D1-49DD-BF86-EDF472460258}.AppStore|ARM.Build.0 = Release|ARM
		{388C1D73-D8D1-49DD-BF86-EDF472460258}.AppStore|ARM.Deploy.0 = Release|ARM
		{388C1D73-D8D1-49DD-BF86-EDF472460258}.AppStore|iPhone.ActiveCfg = Release|Any CPU
		{388C1D73-D8D1-49DD-BF86-EDF472460258}.AppStore|iPhone.Build.0 = Release|Any CPU
		{388C1D73-D8D1-49DD-BF86-EDF472460258}.AppStore|iPhone.Deploy.0 = Release|Any CPU
		{388C1D73-D8D1-49DD-BF86-EDF472460258}.AppStore|iPhoneSimulator.ActiveCfg = Release|Any CPU
		{388C1D73-D8D1-49DD-BF86-EDF472460258}.AppStore|iPhoneSimulator.Build.0 = Release|Any CPU
		{388C1D73-D8D1-49DD-BF86-EDF472460258}.AppStore|iPhoneSimulator.Deploy.0 = Release|Any CPU
		{388C1D73-D8D1-49DD-BF86-EDF472460258}.AppStore|x64.ActiveCfg = Release|x64
		{388C1D73-D8D1-49DD-BF86-EDF472460258}.AppStore|x64.Build.0 = Release|x64
		{388C1D73-D8D1-49DD-BF86-EDF472460258}.AppStore|x64.Deploy.0 = Release|x64
		{388C1D73-D8D1-49DD-BF86-EDF472460258}.AppStore|x86.ActiveCfg = Release|x86
		{388C1D73-D8D1-49DD-BF86-EDF472460258}.AppStore|x86.Build.0 = Release|x86
		{388C1D73-D8D1-49DD-BF86-EDF472460258}.AppStore|x86.Deploy.0 = Release|x86
		{388C1D73-D8D1-49DD-BF86-EDF472460258}.Debug|Any CPU.ActiveCfg = Debug|Any CPU
		{388C1D73-D8D1-49DD-BF86-EDF472460258}.Debug|Any CPU.Build.0 = Debug|Any CPU
		{388C1D73-D8D1-49DD-BF86-EDF472460258}.Debug|Any CPU.Deploy.0 = Debug|Any CPU
		{388C1D73-D8D1-49DD-BF86-EDF472460258}.Debug|ARM.ActiveCfg = Debug|ARM
		{388C1D73-D8D1-49DD-BF86-EDF472460258}.Debug|ARM.Build.0 = Debug|ARM
		{388C1D73-D8D1-49DD-BF86-EDF472460258}.Debug|ARM.Deploy.0 = Debug|ARM
		{388C1D73-D8D1-49DD-BF86-EDF472460258}.Debug|iPhone.ActiveCfg = Debug|Any CPU
		{388C1D73-D8D1-49DD-BF86-EDF472460258}.Debug|iPhone.Build.0 = Debug|Any CPU
		{388C1D73-D8D1-49DD-BF86-EDF472460258}.Debug|iPhone.Deploy.0 = Debug|Any CPU
		{388C1D73-D8D1-49DD-BF86-EDF472460258}.Debug|iPhoneSimulator.ActiveCfg = Debug|Any CPU
		{388C1D73-D8D1-49DD-BF86-EDF472460258}.Debug|iPhoneSimulator.Build.0 = Debug|Any CPU
		{388C1D73-D8D1-49DD-BF86-EDF472460258}.Debug|iPhoneSimulator.Deploy.0 = Debug|Any CPU
		{388C1D73-D8D1-49DD-BF86-EDF472460258}.Debug|x64.ActiveCfg = Debug|x64
		{388C1D73-D8D1-49DD-BF86-EDF472460258}.Debug|x64.Build.0 = Debug|x64
		{388C1D73-D8D1-49DD-BF86-EDF472460258}.Debug|x64.Deploy.0 = Debug|x64
		{388C1D73-D8D1-49DD-BF86-EDF472460258}.Debug|x86.ActiveCfg = Debug|x86
		{388C1D73-D8D1-49DD-BF86-EDF472460258}.Debug|x86.Build.0 = Debug|x86
		{388C1D73-D8D1-49DD-BF86-EDF472460258}.Debug|x86.Deploy.0 = Debug|x86
		{388C1D73-D8D1-49DD-BF86-EDF472460258}.Release|Any CPU.ActiveCfg = Release|Any CPU
		{388C1D73-D8D1-49DD-BF86-EDF472460258}.Release|Any CPU.Build.0 = Release|Any CPU
		{388C1D73-D8D1-49DD-BF86-EDF472460258}.Release|Any CPU.Deploy.0 = Release|Any CPU
		{388C1D73-D8D1-49DD-BF86-EDF472460258}.Release|ARM.ActiveCfg = Release|ARM
		{388C1D73-D8D1-49DD-BF86-EDF472460258}.Release|ARM.Build.0 = Release|ARM
		{388C1D73-D8D1-49DD-BF86-EDF472460258}.Release|ARM.Deploy.0 = Release|ARM
		{388C1D73-D8D1-49DD-BF86-EDF472460258}.Release|iPhone.ActiveCfg = Release|Any CPU
		{388C1D73-D8D1-49DD-BF86-EDF472460258}.Release|iPhone.Build.0 = Release|Any CPU
		{388C1D73-D8D1-49DD-BF86-EDF472460258}.Release|iPhone.Deploy.0 = Release|Any CPU
		{388C1D73-D8D1-49DD-BF86-EDF472460258}.Release|iPhoneSimulator.ActiveCfg = Release|Any CPU
		{388C1D73-D8D1-49DD-BF86-EDF472460258}.Release|iPhoneSimulator.Build.0 = Release|Any CPU
		{388C1D73-D8D1-49DD-BF86-EDF472460258}.Release|iPhoneSimulator.Deploy.0 = Release|Any CPU
		{388C1D73-D8D1-49DD-BF86-EDF472460258}.Release|x64.ActiveCfg = Release|x64
		{388C1D73-D8D1-49DD-BF86-EDF472460258}.Release|x64.Build.0 = Release|x64
		{388C1D73-D8D1-49DD-BF86-EDF472460258}.Release|x64.Deploy.0 = Release|x64
		{388C1D73-D8D1-49DD-BF86-EDF472460258}.Release|x86.ActiveCfg = Release|x86
		{388C1D73-D8D1-49DD-BF86-EDF472460258}.Release|x86.Build.0 = Release|x86
		{388C1D73-D8D1-49DD-BF86-EDF472460258}.Release|x86.Deploy.0 = Release|x86
	EndGlobalSection
	GlobalSection(SolutionProperties) = preSolution
		HideSolutionNode = FALSE
	EndGlobalSection
EndGlobal
